<?xml version="1.0" encoding="utf-8"?>
<Project ToolsVersion="4.0" xmlns="http://schemas.microsoft.com/developer/msbuild/2003">
  <ItemGroup>
    <ClCompile Include="..\arduino-stub\Arduino.cpp">
      <Filter>arduino-stub</Filter>
    </ClCompile>
    <ClCompile Include="..\arduino-stub\Stream.cpp">
      <Filter>arduino-stub</Filter>
    </ClCompile>
    <ClCompile Include="..\aux-heater\src\AuxHeaterSerial.cpp">
      <Filter>aux-heater</Filter>
    </ClCompile>
    <ClCompile Include="..\aux-heater\src\serial\BaseSerialHandler.cpp">
      <Filter>aux-heater</Filter>
    </ClCompile>
    <ClCompile Include="..\aux-heater\src\BatteryMonitor.cpp">
      <Filter>aux-heater</Filter>
    </ClCompile>
    <ClCompile Include="..\aux-heater\src\oscilloscope\BitDataManager.cpp">
      <Filter>aux-heater</Filter>
    </ClCompile>
    <ClCompile Include="..\aux-heater\src\CMDSerialHandler.cpp">
      <Filter>aux-heater</Filter>
    </ClCompile>
    <ClCompile Include="..\aux-heater\src\oscilloscope\DigitalOscilloscope.cpp">
      <Filter>aux-heater</Filter>
    </ClCompile>
    <ClCompile Include="..\aux-heater\src\GSMSerialHandler.cpp">
      <Filter>aux-heater</Filter>
    </ClCompile>
    <ClCompile Include="..\aux-heater\src\LedController.cpp">
      <Filter>aux-heater</Filter>
    </ClCompile>
    <ClCompile Include="..\aux-heater\src\serial\SerialCharResponseHandler.cpp">
      <Filter>aux-heater</Filter>
    </ClCompile>
    <ClCompile Include="..\aux-heater\src\serial\SerialTimerResponseHandler.cpp">
      <Filter>aux-heater</Filter>
    </ClCompile>
    <ClCompile Include="..\aux-heater\src\common\Timer.cpp">
      <Filter>aux-heater</Filter>
    </ClCompile>
    <ClCompile Include="..\aux-heater\src\common\Util.cpp">
      <Filter>aux-heater</Filter>
    </ClCompile>
    <ClCompile Include="..\aux-heater\src\common\VoltMeter.cpp">
      <Filter>aux-heater</Filter>
    </ClCompile>
    <ClCompile Include="src\mock\BaseSerialHandlerMock.cpp" />
    <ClCompile Include="src\BaseSerialHandlerTest.cpp" />
    <ClCompile Include="src\mock\BaseSerialHandlerTestMock.cpp" />
    <ClCompile Include="src\GsmSerialHandlerTest.cpp" />
    <ClCompile Include="src\mock\SerialCharResponseHandlerMock.cpp" />
    <ClCompile Include="src\SerialCharResponseHandlerTest.cpp" />
    <ClCompile Include="src\SerialStream.cpp" />
    <ClCompile Include="src\SerialTimeResponseHandlerTest.cpp" />
    <ClCompile Include="src\mock\SerialTimerResponseHandlerMock.cpp" />
    <ClCompile Include="src\mock\TimerMock.cpp" />
    <ClCompile Include="src\TimerTest.cpp" />
    <ClCompile Include="src\UtilTest.cpp" />
    <ClCompile Include="src\VoltMeterTest.cpp" />
  </ItemGroup>
  <ItemGroup>
    <ClInclude Include="..\arduino-stub\Arduino.h">
      <Filter>arduino-stub</Filter>
    </ClInclude>
    <ClInclude Include="..\arduino-stub\Stream.h">
      <Filter>arduino-stub</Filter>
    </ClInclude>
    <ClInclude Include="..\aux-heater\src\AuxHeaterSerial.h">
      <Filter>aux-heater</Filter>
    </ClInclude>
    <ClInclude Include="..\aux-heater\src\serial\BaseSerialHandler.h">
      <Filter>aux-heater</Filter>
    </ClInclude>
    <ClInclude Include="..\aux-heater\src\BatteryMonitor.h">
      <Filter>aux-heater</Filter>
    </ClInclude>
    <ClInclude Include="..\aux-heater\src\oscilloscope\BitDataManager.h">
      <Filter>aux-heater</Filter>
    </ClInclude>
    <ClInclude Include="..\aux-heater\src\CMDSerialHandler.h">
      <Filter>aux-heater</Filter>
    </ClInclude>
    <ClInclude Include="..\aux-heater\src\oscilloscope\DigitalOscilloscope.h">
      <Filter>aux-heater</Filter>
    </ClInclude>
    <ClInclude Include="..\aux-heater\src\GSMSerialHandler.h">
      <Filter>aux-heater</Filter>
    </ClInclude>
    <ClInclude Include="..\aux-heater\src\LedController.h">
      <Filter>aux-heater</Filter>
    </ClInclude>
    <ClInclude Include="..\aux-heater\src\serial\SerialCharResponseHandler.h">
      <Filter>aux-heater</Filter>
    </ClInclude>
    <ClInclude Include="..\aux-heater\src\serial\SerialTimerResponseHandler.h">
      <Filter>aux-heater</Filter>
    </ClInclude>
    <ClInclude Include="..\aux-heater\src\common\Timer.h">
      <Filter>aux-heater</Filter>
    </ClInclude>
    <ClInclude Include="..\aux-heater\src\common\Util.h">
      <Filter>aux-heater</Filter>
    </ClInclude>
    <ClInclude Include="..\aux-heater\src\common\VoltMeter.h">
      <Filter>aux-heater</Filter>
    </ClInclude>
    <ClInclude Include="src\mock\BaseSerialHandlerMock.h" />
    <ClInclude Include="src\mock\BaseSerialHandlerTestMock.h" />
    <ClInclude Include="src\mock\SerialCharResponseHandlerMock.h" />
    <ClInclude Include="src\SerialStream.h" />
    <ClInclude Include="src\mock\SerialTimerResponseHandlerMock.h" />
    <ClInclude Include="src\mock\TimerMock.h" />
  </ItemGroup>
  <ItemGroup>
    <None Include="packages.config" />
  </ItemGroup>
  <ItemGroup>
    <Filter Include="Tests">
      <UniqueIdentifier>{e3c02be8-c140-45a9-8e60-d7eba399ed0d}</UniqueIdentifier>
    </Filter>
    <Filter Include="Mock">
      <UniqueIdentifier>{fde03ae5-0100-4ad3-9446-17196732c49b}</UniqueIdentifier>
    </Filter>
    <Filter Include="aux-heater">
      <UniqueIdentifier>{0b682ce8-e5b2-4d7b-ab38-ad9ccb2df24a}</UniqueIdentifier>
    </Filter>
    <Filter Include="arduino-stub">
      <UniqueIdentifier>{d1ec66a7-bad9-4b2b-8a1c-50c7a28b514e}</UniqueIdentifier>
    </Filter>
  </ItemGroup>
</Project>