<?xml version="1.0" encoding="utf-8"?>
<Project ToolsVersion="4.0" xmlns="http://schemas.microsoft.com/developer/msbuild/2003">
  <ItemGroup>
    <Filter Include="Source Files">
      <UniqueIdentifier>{4FC737F1-C7A5-4376-A066-2A32D752A2FF}</UniqueIdentifier>
      <Extensions>cpp;c;cc;cxx;def;odl;idl;hpj;bat;asm;asmx</Extensions>
    </Filter>
    <Filter Include="Header Files">
      <UniqueIdentifier>{93995380-89BD-4b04-88EB-625FBE52EBFB}</UniqueIdentifier>
      <Extensions>h;hh;hpp;hxx;hm;inl;inc;ipp;xsd</Extensions>
    </Filter>
    <Filter Include="Resource Files">
      <UniqueIdentifier>{67DA6AB6-F800-4c08-8B7A-83BB121AAD01}</UniqueIdentifier>
      <Extensions>rc;ico;cur;bmp;dlg;rc2;rct;bin;rgs;gif;jpg;jpeg;jpe;resx;tiff;tif;png;wav;mfcribbon-ms</Extensions>
    </Filter>
    <Filter Include="Testable">
      <UniqueIdentifier>{e5183461-e06c-491d-a400-7005efd48bf5}</UniqueIdentifier>
    </Filter>
    <Filter Include="Testable\Sources">
      <UniqueIdentifier>{baaea9e4-e32d-4a3e-9143-3f62b1145e58}</UniqueIdentifier>
    </Filter>
    <Filter Include="Testable\Headers">
      <UniqueIdentifier>{35418477-4ba7-4204-9118-7584ed077896}</UniqueIdentifier>
    </Filter>
    <Filter Include="Testable\Headers\Serial">
      <UniqueIdentifier>{353bb31d-4afc-4e52-b564-a752e982873d}</UniqueIdentifier>
    </Filter>
    <Filter Include="Testable\Sources\Serial">
      <UniqueIdentifier>{70ec2668-a4c7-4661-b0fe-338d301edd27}</UniqueIdentifier>
    </Filter>
    <Filter Include="arduino-stub">
      <UniqueIdentifier>{052f0c33-a1fd-4a31-af68-bc7a467d48d8}</UniqueIdentifier>
    </Filter>
    <Filter Include="Mock">
      <UniqueIdentifier>{6a95af84-1b68-4e46-ae40-0174531413b0}</UniqueIdentifier>
    </Filter>
  </ItemGroup>
  <ItemGroup>
    <ClInclude Include="stdafx.h">
      <Filter>Header Files</Filter>
    </ClInclude>
    <ClInclude Include="targetver.h">
      <Filter>Header Files</Filter>
    </ClInclude>
    <ClInclude Include="..\aux-heater\BatteryMonitor.h">
      <Filter>Testable\Headers</Filter>
    </ClInclude>
    <ClInclude Include="..\aux-heater\BitDataManager.h">
      <Filter>Testable\Headers</Filter>
    </ClInclude>
    <ClInclude Include="..\aux-heater\DigitalOscilloscope.h">
      <Filter>Testable\Headers</Filter>
    </ClInclude>
    <ClInclude Include="..\aux-heater\LedController.h">
      <Filter>Testable\Headers</Filter>
    </ClInclude>
    <ClInclude Include="..\aux-heater\Timer.h">
      <Filter>Testable\Headers</Filter>
    </ClInclude>
    <ClInclude Include="..\aux-heater\Util.h">
      <Filter>Testable\Headers</Filter>
    </ClInclude>
    <ClInclude Include="..\aux-heater\VoltMeter.h">
      <Filter>Testable\Headers</Filter>
    </ClInclude>
    <ClInclude Include="..\aux-heater\AuxHeaterSerial.h">
      <Filter>Testable\Headers\Serial</Filter>
    </ClInclude>
    <ClInclude Include="..\aux-heater\BaseSerialHandler.h">
      <Filter>Testable\Headers\Serial</Filter>
    </ClInclude>
    <ClInclude Include="..\aux-heater\CMDSerialHandler.h">
      <Filter>Testable\Headers\Serial</Filter>
    </ClInclude>
    <ClInclude Include="..\aux-heater\SerialCharResponseHandler.h">
      <Filter>Testable\Headers\Serial</Filter>
    </ClInclude>
    <ClInclude Include="..\aux-heater\SerialTimerResponseHandler.h">
      <Filter>Testable\Headers\Serial</Filter>
    </ClInclude>
    <ClInclude Include="..\aux-heater\GSMSerialHandler.h">
      <Filter>Testable\Headers\Serial</Filter>
    </ClInclude>
    <ClInclude Include="SerialStream.h">
      <Filter>Source Files</Filter>
    </ClInclude>
    <ClInclude Include="BaseSerialHandlerMock.h">
      <Filter>Mock</Filter>
    </ClInclude>
    <ClInclude Include="SerialCharResponseHandlerMock.h">
      <Filter>Mock</Filter>
    </ClInclude>
    <ClInclude Include="SerialTimerResponseHandlerMock.h">
      <Filter>Mock</Filter>
    </ClInclude>
    <ClInclude Include="BaseSerialHandlerTestMock.h">
      <Filter>Mock</Filter>
    </ClInclude>
    <ClInclude Include="TimerMock.h">
      <Filter>Source Files</Filter>
    </ClInclude>
    <ClInclude Include="..\arduino-stub\Arduino.h">
      <Filter>arduino-stub</Filter>
    </ClInclude>
    <ClInclude Include="..\arduino-stub\Stream.h">
      <Filter>arduino-stub</Filter>
    </ClInclude>
  </ItemGroup>
  <ItemGroup>
    <ClCompile Include="stdafx.cpp">
      <Filter>Source Files</Filter>
    </ClCompile>
    <ClCompile Include="TimerTest.cpp">
      <Filter>Source Files</Filter>
    </ClCompile>
    <ClCompile Include="..\aux-heater\BatteryMonitor.cpp">
      <Filter>Testable\Sources</Filter>
    </ClCompile>
    <ClCompile Include="..\aux-heater\BitDataManager.cpp">
      <Filter>Testable\Sources</Filter>
    </ClCompile>
    <ClCompile Include="..\aux-heater\DigitalOscilloscope.cpp">
      <Filter>Testable\Sources</Filter>
    </ClCompile>
    <ClCompile Include="..\aux-heater\LedController.cpp">
      <Filter>Testable\Sources</Filter>
    </ClCompile>
    <ClCompile Include="..\aux-heater\Timer.cpp">
      <Filter>Testable\Sources</Filter>
    </ClCompile>
    <ClCompile Include="..\aux-heater\Util.cpp">
      <Filter>Testable\Sources</Filter>
    </ClCompile>
    <ClCompile Include="..\aux-heater\VoltMeter.cpp">
      <Filter>Testable\Sources</Filter>
    </ClCompile>
    <ClCompile Include="..\aux-heater\AuxHeaterSerial.cpp">
      <Filter>Testable\Sources\Serial</Filter>
    </ClCompile>
    <ClCompile Include="..\aux-heater\BaseSerialHandler.cpp">
      <Filter>Testable\Sources\Serial</Filter>
    </ClCompile>
    <ClCompile Include="..\aux-heater\CMDSerialHandler.cpp">
      <Filter>Testable\Sources\Serial</Filter>
    </ClCompile>
    <ClCompile Include="..\aux-heater\GSMSerialHandler.cpp">
      <Filter>Testable\Sources\Serial</Filter>
    </ClCompile>
    <ClCompile Include="..\aux-heater\SerialCharResponseHandler.cpp">
      <Filter>Testable\Sources\Serial</Filter>
    </ClCompile>
    <ClCompile Include="..\aux-heater\SerialTimerResponseHandler.cpp">
      <Filter>Testable\Sources\Serial</Filter>
    </ClCompile>
    <ClCompile Include="BaseSerialHandlerTest.cpp">
      <Filter>Source Files</Filter>
    </ClCompile>
    <ClCompile Include="SerialStream.cpp">
      <Filter>Source Files</Filter>
    </ClCompile>
    <ClCompile Include="SerialCharResponseHandlerTest.cpp">
      <Filter>Source Files</Filter>
    </ClCompile>
    <ClCompile Include="BaseSerialHandlerMock.cpp">
      <Filter>Mock</Filter>
    </ClCompile>
    <ClCompile Include="SerialCharResponseHandlerMock.cpp">
      <Filter>Mock</Filter>
    </ClCompile>
    <ClCompile Include="SerialTimeResponseHandlerTest.cpp">
      <Filter>Source Files</Filter>
    </ClCompile>
    <ClCompile Include="SerialTimerResponseHandlerMock.cpp">
      <Filter>Mock</Filter>
    </ClCompile>
    <ClCompile Include="BaseSerialHandlerTestMock.cpp">
      <Filter>Mock</Filter>
    </ClCompile>
    <ClCompile Include="UtilTest.cpp">
      <Filter>Source Files</Filter>
    </ClCompile>
    <ClCompile Include="GsmSerialHandlerTest.cpp">
      <Filter>Source Files</Filter>
    </ClCompile>
    <ClCompile Include="VoltMeterTest.cpp">
      <Filter>Source Files</Filter>
    </ClCompile>
    <ClCompile Include="TimerMock.cpp">
      <Filter>Source Files</Filter>
    </ClCompile>
    <ClCompile Include="..\arduino-stub\Arduino.cpp">
      <Filter>arduino-stub</Filter>
    </ClCompile>
    <ClCompile Include="..\arduino-stub\Stream.cpp">
      <Filter>arduino-stub</Filter>
    </ClCompile>
  </ItemGroup>
</Project>