<?xml version="1.0" encoding="utf-8"?>
<Project ToolsVersion="4.0" xmlns="http://schemas.microsoft.com/developer/msbuild/2003">
  <ItemGroup>
    <Filter Include="Source Files">
      <UniqueIdentifier>{4FC737F1-C7A5-4376-A066-2A32D752A2FF}</UniqueIdentifier>
      <Extensions>cpp;c;cc;cxx;def;odl;idl;hpj;bat;asm;asmx</Extensions>
    </Filter>
    <Filter Include="Header Files">
      <UniqueIdentifier>{93995380-89BD-4b04-88EB-625FBE52EBFB}</UniqueIdentifier>
      <Extensions>h;hh;hpp;hxx;hm;inl;inc;ipp;xsd</Extensions>
    </Filter>
    <Filter Include="Resource Files">
      <UniqueIdentifier>{67DA6AB6-F800-4c08-8B7A-83BB121AAD01}</UniqueIdentifier>
      <Extensions>rc;ico;cur;bmp;dlg;rc2;rct;bin;rgs;gif;jpg;jpeg;jpe;resx;tiff;tif;png;wav;mfcribbon-ms</Extensions>
    </Filter>
    <Filter Include="Testable">
      <UniqueIdentifier>{e5183461-e06c-491d-a400-7005efd48bf5}</UniqueIdentifier>
    </Filter>
    <Filter Include="Testable\Sources">
      <UniqueIdentifier>{baaea9e4-e32d-4a3e-9143-3f62b1145e58}</UniqueIdentifier>
    </Filter>
    <Filter Include="Testable\Headers">
      <UniqueIdentifier>{35418477-4ba7-4204-9118-7584ed077896}</UniqueIdentifier>
    </Filter>
    <Filter Include="Testable\Headers\Serial">
      <UniqueIdentifier>{353bb31d-4afc-4e52-b564-a752e982873d}</UniqueIdentifier>
    </Filter>
    <Filter Include="Testable\Sources\Serial">
      <UniqueIdentifier>{70ec2668-a4c7-4661-b0fe-338d301edd27}</UniqueIdentifier>
    </Filter>
    <Filter Include="ArduinoMock">
      <UniqueIdentifier>{e5487a7c-6e2d-42e6-a3f8-8a5e687126ad}</UniqueIdentifier>
    </Filter>
    <Filter Include="TestableMock">
      <UniqueIdentifier>{6a95af84-1b68-4e46-ae40-0174531413b0}</UniqueIdentifier>
    </Filter>
  </ItemGroup>
  <ItemGroup>
    <ClInclude Include="stdafx.h">
      <Filter>Header Files</Filter>
    </ClInclude>
    <ClInclude Include="targetver.h">
      <Filter>Header Files</Filter>
    </ClInclude>
    <ClInclude Include="..\AudiControl\BatteryMonitor.h">
      <Filter>Testable\Headers</Filter>
    </ClInclude>
    <ClInclude Include="..\AudiControl\BitDataManager.h">
      <Filter>Testable\Headers</Filter>
    </ClInclude>
    <ClInclude Include="..\AudiControl\DigitalOscilloscope.h">
      <Filter>Testable\Headers</Filter>
    </ClInclude>
    <ClInclude Include="..\AudiControl\LedController.h">
      <Filter>Testable\Headers</Filter>
    </ClInclude>
    <ClInclude Include="..\AudiControl\Timer.h">
      <Filter>Testable\Headers</Filter>
    </ClInclude>
    <ClInclude Include="..\AudiControl\Util.h">
      <Filter>Testable\Headers</Filter>
    </ClInclude>
    <ClInclude Include="..\AudiControl\VoltMeter.h">
      <Filter>Testable\Headers</Filter>
    </ClInclude>
    <ClInclude Include="..\ArduinoMock\Arduino.h">
      <Filter>ArduinoMock</Filter>
    </ClInclude>
    <ClInclude Include="..\ArduinoMock\Stream.h">
      <Filter>ArduinoMock</Filter>
    </ClInclude>
    <ClInclude Include="..\AudiControl\AuxHeaterSerial.h">
      <Filter>Testable\Headers\Serial</Filter>
    </ClInclude>
    <ClInclude Include="..\AudiControl\BaseSerialHandler.h">
      <Filter>Testable\Headers\Serial</Filter>
    </ClInclude>
    <ClInclude Include="..\AudiControl\CMDSerialHandler.h">
      <Filter>Testable\Headers\Serial</Filter>
    </ClInclude>
    <ClInclude Include="..\AudiControl\SerialCharResponseHandler.h">
      <Filter>Testable\Headers\Serial</Filter>
    </ClInclude>
    <ClInclude Include="..\AudiControl\SerialTimerResponseHandler.h">
      <Filter>Testable\Headers\Serial</Filter>
    </ClInclude>
    <ClInclude Include="..\AudiControl\GSMSerialHandler.h">
      <Filter>Testable\Headers\Serial</Filter>
    </ClInclude>
    <ClInclude Include="SerialStream.h">
      <Filter>Source Files</Filter>
    </ClInclude>
    <ClInclude Include="BaseSerialHandlerMock.h">
      <Filter>TestableMock</Filter>
    </ClInclude>
    <ClInclude Include="SerialCharResponseHandlerMock.h">
      <Filter>TestableMock</Filter>
    </ClInclude>
    <ClInclude Include="SerialTimerResponseHandlerMock.h">
      <Filter>TestableMock</Filter>
    </ClInclude>
    <ClInclude Include="BaseSerialHandlerTestMock.h">
      <Filter>TestableMock</Filter>
    </ClInclude>
  </ItemGroup>
  <ItemGroup>
    <ClCompile Include="stdafx.cpp">
      <Filter>Source Files</Filter>
    </ClCompile>
    <ClCompile Include="TimerTest.cpp">
      <Filter>Source Files</Filter>
    </ClCompile>
    <ClCompile Include="..\AudiControl\BatteryMonitor.cpp">
      <Filter>Testable\Sources</Filter>
    </ClCompile>
    <ClCompile Include="..\AudiControl\BitDataManager.cpp">
      <Filter>Testable\Sources</Filter>
    </ClCompile>
    <ClCompile Include="..\AudiControl\DigitalOscilloscope.cpp">
      <Filter>Testable\Sources</Filter>
    </ClCompile>
    <ClCompile Include="..\AudiControl\LedController.cpp">
      <Filter>Testable\Sources</Filter>
    </ClCompile>
    <ClCompile Include="..\AudiControl\Timer.cpp">
      <Filter>Testable\Sources</Filter>
    </ClCompile>
    <ClCompile Include="..\AudiControl\Util.cpp">
      <Filter>Testable\Sources</Filter>
    </ClCompile>
    <ClCompile Include="..\AudiControl\VoltMeter.cpp">
      <Filter>Testable\Sources</Filter>
    </ClCompile>
    <ClCompile Include="..\ArduinoMock\Arduino.cpp">
      <Filter>ArduinoMock</Filter>
    </ClCompile>
    <ClCompile Include="..\ArduinoMock\Stream.cpp">
      <Filter>ArduinoMock</Filter>
    </ClCompile>
    <ClCompile Include="..\AudiControl\AuxHeaterSerial.cpp">
      <Filter>Testable\Sources\Serial</Filter>
    </ClCompile>
    <ClCompile Include="..\AudiControl\BaseSerialHandler.cpp">
      <Filter>Testable\Sources\Serial</Filter>
    </ClCompile>
    <ClCompile Include="..\AudiControl\CMDSerialHandler.cpp">
      <Filter>Testable\Sources\Serial</Filter>
    </ClCompile>
    <ClCompile Include="..\AudiControl\GSMSerialHandler.cpp">
      <Filter>Testable\Sources\Serial</Filter>
    </ClCompile>
    <ClCompile Include="..\AudiControl\SerialCharResponseHandler.cpp">
      <Filter>Testable\Sources\Serial</Filter>
    </ClCompile>
    <ClCompile Include="..\AudiControl\SerialTimerResponseHandler.cpp">
      <Filter>Testable\Sources\Serial</Filter>
    </ClCompile>
    <ClCompile Include="BaseSerialHandlerTest.cpp">
      <Filter>Source Files</Filter>
    </ClCompile>
    <ClCompile Include="SerialStream.cpp">
      <Filter>Source Files</Filter>
    </ClCompile>
    <ClCompile Include="SerialCharResponseHandlerTest.cpp">
      <Filter>Source Files</Filter>
    </ClCompile>
    <ClCompile Include="BaseSerialHandlerMock.cpp">
      <Filter>TestableMock</Filter>
    </ClCompile>
    <ClCompile Include="SerialCharResponseHandlerMock.cpp">
      <Filter>TestableMock</Filter>
    </ClCompile>
    <ClCompile Include="SerialTimeResponseHandlerTest.cpp">
      <Filter>Source Files</Filter>
    </ClCompile>
    <ClCompile Include="SerialTimerResponseHandlerMock.cpp">
      <Filter>TestableMock</Filter>
    </ClCompile>
    <ClCompile Include="BaseSerialHandlerTestMock.cpp">
      <Filter>TestableMock</Filter>
    </ClCompile>
    <ClCompile Include="UtilTest.cpp">
      <Filter>Source Files</Filter>
    </ClCompile>
    <ClCompile Include="GsmSerialHandlerTest.cpp">
      <Filter>Source Files</Filter>
    </ClCompile>
    <ClCompile Include="VoltMeterTest.cpp">
      <Filter>Source Files</Filter>
    </ClCompile>
  </ItemGroup>
</Project>